<?xml version="1.0" encoding="utf-8"?>
<Project ToolsVersion="4.0" xmlns="http://schemas.microsoft.com/developer/msbuild/2003">
  <ItemGroup>
    <Filter Include="Source Files">
      <UniqueIdentifier>{4FC737F1-C7A5-4376-A066-2A32D752A2FF}</UniqueIdentifier>
      <Extensions>cpp;c;cc;cxx;def;odl;idl;hpj;bat;asm;asmx</Extensions>
    </Filter>
    <Filter Include="Header Files">
      <UniqueIdentifier>{93995380-89BD-4b04-88EB-625FBE52EBFB}</UniqueIdentifier>
      <Extensions>h;hh;hpp;hxx;hm;inl;inc;ipp;xsd</Extensions>
    </Filter>
    <Filter Include="Resource Files">
      <UniqueIdentifier>{67DA6AB6-F800-4c08-8B7A-83BB121AAD01}</UniqueIdentifier>
      <Extensions>rc;ico;cur;bmp;dlg;rc2;rct;bin;rgs;gif;jpg;jpeg;jpe;resx;tiff;tif;png;wav;mfcribbon-ms</Extensions>
    </Filter>
    <Filter Include="Source Files\scenes">
      <UniqueIdentifier>{6d9f4c9b-6521-4ac5-a900-4c1ec0c7a3c3}</UniqueIdentifier>
    </Filter>
    <Filter Include="Source Files\systems">
      <UniqueIdentifier>{add1ef65-bd17-4b9b-b9d4-52c12a43fa45}</UniqueIdentifier>
    </Filter>
    <Filter Include="Header Files\components">
      <UniqueIdentifier>{2f919ca0-1dc3-4cce-9f2b-bb3542032e56}</UniqueIdentifier>
    </Filter>
    <Filter Include="Header Files\systems">
      <UniqueIdentifier>{af51d238-2d2e-4db8-b413-5b583e3ccb29}</UniqueIdentifier>
    </Filter>
    <Filter Include="Header Files\scenes">
      <UniqueIdentifier>{24719464-c14c-446a-b373-ff0730aa2e0a}</UniqueIdentifier>
    </Filter>
  </ItemGroup>
  <ItemGroup>
    <ClCompile Include="src\Game.cpp">
      <Filter>Source Files</Filter>
    </ClCompile>
    <ClCompile Include="src\main.cpp">
      <Filter>Source Files</Filter>
    </ClCompile>
    <ClCompile Include="src\systems\CollisionSystem.cpp">
      <Filter>Source Files\systems</Filter>
    </ClCompile>
    <ClCompile Include="src\systems\ControlSystem.cpp">
      <Filter>Source Files\systems</Filter>
    </ClCompile>
    <ClCompile Include="src\systems\ParticleSystem.cpp">
      <Filter>Source Files\systems</Filter>
    </ClCompile>
    <ClCompile Include="src\systems\PhysicsSystem.cpp">
      <Filter>Source Files\systems</Filter>
    </ClCompile>
    <ClCompile Include="src\systems\RenderSystem.cpp">
      <Filter>Source Files\systems</Filter>
    </ClCompile>
    <ClCompile Include="src\systems\SceneManager.cpp">
      <Filter>Source Files\systems</Filter>
    </ClCompile>
    <ClCompile Include="src\scenes\GameScene.cpp">
      <Filter>Source Files\scenes</Filter>
    </ClCompile>
    <ClCompile Include="src\scenes\MenuScene.cpp">
      <Filter>Source Files\scenes</Filter>
    </ClCompile>
  </ItemGroup>
  <ItemGroup>
    <ClInclude Include="include\components\BoxColliderComponent.h">
      <Filter>Header Files\components</Filter>
    </ClInclude>
    <ClInclude Include="include\components\CircleColliderComponent.h">
      <Filter>Header Files\components</Filter>
    </ClInclude>
    <ClInclude Include="include\components\Component.h">
      <Filter>Header Files\components</Filter>
    </ClInclude>
    <ClInclude Include="include\components\GravityComponent.h">
      <Filter>Header Files\components</Filter>
    </ClInclude>
    <ClInclude Include="include\components\PlayerComponent.h">
      <Filter>Header Files\components</Filter>
    </ClInclude>
    <ClInclude Include="include\components\SoundComponent.h">
      <Filter>Header Files\components</Filter>
    </ClInclude>
    <ClInclude Include="include\components\SpriteComponent.h">
      <Filter>Header Files\components</Filter>
    </ClInclude>
    <ClInclude Include="include\components\TextComponent.h">
      <Filter>Header Files\components</Filter>
    </ClInclude>
    <ClInclude Include="include\components\TransformComponent.h">
      <Filter>Header Files\components</Filter>
    </ClInclude>
    <ClInclude Include="include\components\VelocityComponent.h">
      <Filter>Header Files\components</Filter>
    </ClInclude>
    <ClInclude Include="include\scenes\GameScene.h">
      <Filter>Header Files\scenes</Filter>
    </ClInclude>
    <ClInclude Include="include\scenes\MenuScene.h">
      <Filter>Header Files\scenes</Filter>
    </ClInclude>
    <ClInclude Include="include\scenes\Scene.h">
      <Filter>Header Files\scenes</Filter>
    </ClInclude>
    <ClInclude Include="include\systems\CollisionSystem.h">
      <Filter>Header Files\systems</Filter>
    </ClInclude>
    <ClInclude Include="include\systems\ControlSystem.h">
      <Filter>Header Files\systems</Filter>
    </ClInclude>
    <ClInclude Include="include\systems\ParticleSystem.h">
      <Filter>Header Files\systems</Filter>
    </ClInclude>
    <ClInclude Include="include\systems\PhysicsSystem.h">
      <Filter>Header Files\systems</Filter>
    </ClInclude>
    <ClInclude Include="include\systems\RenderSystem.h">
      <Filter>Header Files\systems</Filter>
    </ClInclude>
    <ClInclude Include="include\Entity.h">
      <Filter>Header Files</Filter>
    </ClInclude>
    <ClInclude Include="include\Game.h">
      <Filter>Header Files</Filter>
    </ClInclude>
    <ClInclude Include="include\SceneManager.h">
      <Filter>Header Files</Filter>
    </ClInclude>
    <ClInclude Include="include\systems\System.h">
      <Filter>Header Files\systems</Filter>
    </ClInclude>
    <ClInclude Include="include\components\MusicComponent.h">
      <Filter>Header Files\components</Filter>
    </ClInclude>
    <ClInclude Include="include\components\ParticlePoolComponent.h">
      <Filter>Header Files\components</Filter>
    </ClInclude>
  </ItemGroup>
</Project>